version = 1
revision = 3
requires-python = "==3.8.*"
resolution-markers = [
    "sys_platform == 'win32'",
]
supported-markers = [
    "sys_platform == 'win32'",
]

[[package]]
name = "chardet"
version = "5.2.0"
source = { registry = "D:/temp/python_Library" }
wheels = [
    { path = "D:/temp/python_Library/chardet-5.2.0-py3-none-any.whl" },
]

[[package]]
name = "contourpy"
version = "1.1.1"
source = { registry = "D:/temp/python_Library" }
dependencies = [
    { name = "numpy", marker = "sys_platform == 'win32'" },
]
wheels = [
    { path = "D:/temp/python_Library/contourpy-1.1.1-cp38-cp38-win_amd64.whl" },
]

[[package]]
name = "cx-freeze"
version = "7.2.10"
source = { registry = "D:/temp/python_Library" }
dependencies = [
    { name = "cx-logging", marker = "sys_platform == 'win32'" },
    { name = "importlib-metadata", marker = "sys_platform == 'win32'" },
    { name = "lief", marker = "sys_platform == 'win32'" },
    { name = "packaging", marker = "sys_platform == 'win32'" },
    { name = "setuptools", marker = "sys_platform == 'win32'" },
    { name = "tomli", marker = "sys_platform == 'win32'" },
    { name = "typing-extensions", marker = "sys_platform == 'win32'" },
]
wheels = [
    { path = "D:/temp/python_Library/cx_Freeze-7.2.10-cp38-cp38-win_amd64.whl" },
]

[[package]]
name = "cx-logging"
version = "3.1.0"
source = { registry = "D:/temp/python_Library" }
wheels = [
    { path = "D:/temp/python_Library/cx_Logging-3.1.0-cp38-cp38-win32.whl" },
    { path = "D:/temp/python_Library/cx_Logging-3.1.0-cp38-cp38-win_amd64.whl" },
]

[[package]]
name = "cycler"
version = "0.11.0"
source = { registry = "D:/temp/python_Library" }
wheels = [
    { path = "D:/temp/python_Library/cycler-0.11.0-py3-none-any.whl" },
]

[[package]]
name = "fonttools"
version = "4.38.0"
source = { registry = "D:/temp/python_Library" }
wheels = [
    { path = "D:/temp/python_Library/fonttools-4.38.0-py3-none-any.whl" },
]

[[package]]
name = "importlib-metadata"
version = "6.0.0"
source = { registry = "D:/temp/python_Library" }
dependencies = [
    { name = "zipp", marker = "sys_platform == 'win32'" },
]
wheels = [
    { path = "D:/temp/python_Library/importlib_metadata-6.0.0-py3-none-any.whl" },
]

[[package]]
name = "importlib-resources"
version = "5.9.0"
source = { registry = "D:/temp/python_Library" }
dependencies = [
    { name = "zipp", marker = "sys_platform == 'win32'" },
]
wheels = [
    { path = "D:/temp/python_Library/importlib_resources-5.9.0-py3-none-any.whl" },
]

[[package]]
name = "kiwisolver"
version = "1.4.4"
source = { registry = "D:/temp/python_Library" }
wheels = [
    { path = "D:/temp/python_Library/kiwisolver-1.4.4-cp38-cp38-win32.whl" },
    { path = "D:/temp/python_Library/kiwisolver-1.4.4-cp38-cp38-win_amd64.whl" },
]

[[package]]
name = "lief"
version = "0.13.2"
source = { registry = "D:/temp/python_Library" }
wheels = [
    { path = "D:/temp/python_Library/lief-0.13.2-cp38-cp38-win32.whl" },
    { path = "D:/temp/python_Library/lief-0.13.2-cp38-cp38-win_amd64.whl" },
]

[[package]]
name = "matplotlib"
version = "3.7.2"
source = { registry = "D:/temp/python_Library" }
dependencies = [
    { name = "contourpy", marker = "sys_platform == 'win32'" },
    { name = "cycler", marker = "sys_platform == 'win32'" },
    { name = "fonttools", marker = "sys_platform == 'win32'" },
    { name = "importlib-resources", marker = "sys_platform == 'win32'" },
    { name = "kiwisolver", marker = "sys_platform == 'win32'" },
    { name = "numpy", marker = "sys_platform == 'win32'" },
    { name = "packaging", marker = "sys_platform == 'win32'" },
    { name = "pillow", marker = "sys_platform == 'win32'" },
    { name = "pyparsing", marker = "sys_platform == 'win32'" },
    { name = "python-dateutil", marker = "sys_platform == 'win32'" },
]
wheels = [
    { path = "D:/temp/python_Library/matplotlib-3.7.2-cp38-cp38-win32.whl" },
    { path = "D:/temp/python_Library/matplotlib-3.7.2-cp38-cp38-win_amd64.whl" },
]

[[package]]
name = "numpy"
version = "1.24.4"
source = { registry = "D:/temp/python_Library" }
wheels = [
    { path = "D:/temp/python_Library/numpy-1.24.4-cp38-cp38-win32.whl" },
    { path = "D:/temp/python_Library/numpy-1.24.4-cp38-cp38-win_amd64.whl" },
]

[[package]]
name = "packaging"
version = "25.0"
source = { registry = "D:/temp/python_Library" }
wheels = [
    { path = "D:/temp/python_Library/packaging-25.0-py3-none-any.whl" },
]

[[package]]
name = "pandas"
version = "2.0.3"
source = { registry = "D:/temp/python_Library" }
dependencies = [
    { name = "numpy", marker = "sys_platform == 'win32'" },
    { name = "python-dateutil", marker = "sys_platform == 'win32'" },
    { name = "pytz", marker = "sys_platform == 'win32'" },
    { name = "tzdata", marker = "sys_platform == 'win32'" },
]
wheels = [
    { path = "D:/temp/python_Library/pandas-2.0.3-cp38-cp38-win32.whl" },
    { path = "D:/temp/python_Library/pandas-2.0.3-cp38-cp38-win_amd64.whl" },
]

[[package]]
name = "pillow"
version = "9.4.0"
source = { registry = "D:/temp/python_Library" }
wheels = [
    { path = "D:/temp/python_Library/Pillow-9.4.0-cp38-cp38-win32.whl" },
    { path = "D:/temp/python_Library/Pillow-9.4.0-cp38-cp38-win_amd64.whl" },
]

[[package]]
name = "py-cpuinfo"
version = "9.0.0"
source = { registry = "D:/temp/python_Library" }
wheels = [
    { path = "D:/temp/python_Library/py_cpuinfo-9.0.0-py3-none-any.whl" },
]

[[package]]
name = "pyparsing"
version = "3.0.9"
source = { registry = "D:/temp/python_Library" }
wheels = [
    { path = "D:/temp/python_Library/pyparsing-3.0.9-py3-none-any.whl" },
]

[[package]]
name = "pyqt5"
version = "5.15.11"
source = { registry = "D:/temp/python_Library" }
dependencies = [
    { name = "pyqt5-qt5", marker = "sys_platform == 'win32'" },
    { name = "pyqt5-sip", marker = "sys_platform == 'win32'" },
]
wheels = [
    { path = "D:/temp/python_Library/PyQt5-5.15.11-cp38-abi3-win_amd64.whl" },
]

[[package]]
name = "pyqt5-qt5"
version = "5.15.2"
source = { registry = "D:/temp/python_Library" }
wheels = [
    { path = "D:/temp/python_Library/PyQt5_Qt5-5.15.2-py3-none-win32.whl" },
    { path = "D:/temp/python_Library/PyQt5_Qt5-5.15.2-py3-none-win_amd64.whl" },
]

[[package]]
name = "pyqt5-sip"
version = "12.15.0"
source = { registry = "D:/temp/python_Library" }
wheels = [
    { path = "D:/temp/python_Library/PyQt5_sip-12.15.0-cp38-cp38-win32.whl" },
    { path = "D:/temp/python_Library/PyQt5_sip-12.15.0-cp38-cp38-win_amd64.whl" },
]

[[package]]
name = "python-dateutil"
version = "2.8.2"
source = { registry = "D:/temp/python_Library" }
dependencies = [
    { name = "six", marker = "sys_platform == 'win32'" },
]
wheels = [
    { path = "D:/temp/python_Library/python_dateutil-2.8.2-py2.py3-none-any.whl" },
]

[[package]]
name = "pytz"
version = "2025.2"
source = { registry = "D:/temp/python_Library" }
wheels = [
    { path = "D:/temp/python_Library/pytz-2025.2-py2.py3-none-any.whl" },
]

[[package]]
name = "pywin32"
version = "310"
source = { registry = "D:/temp/python_Library" }
wheels = [
    { path = "D:/temp/python_Library/pywin32-310-cp38-cp38-win_amd64.whl" },
]

[[package]]
name = "reportlab"
version = "3.6.12"
source = { registry = "D:/temp/python_Library" }
dependencies = [
    { name = "pillow", marker = "sys_platform == 'win32'" },
]
wheels = [
    { path = "D:/temp/python_Library/reportlab-3.6.12-cp38-cp38-win_amd64.whl" },
]

[[package]]
name = "setuptools"
version = "75.3.4"
source = { registry = "D:/temp/python_Library" }
wheels = [
    { path = "D:/temp/python_Library/setuptools-75.3.4-py3-none-any.whl" },
]

[[package]]
name = "six"
version = "1.16.0"
source = { registry = "D:/temp/python_Library" }
wheels = [
    { path = "D:/temp/python_Library/six-1.16.0-py2.py3-none-any.whl" },
]

[[package]]
name = "tg-naladka"
source = { editable = "." }
dependencies = [
    { name = "chardet", marker = "sys_platform == 'win32'" },
    { name = "contourpy", marker = "sys_platform == 'win32'" },
    { name = "cycler", marker = "sys_platform == 'win32'" },
    { name = "fonttools", marker = "sys_platform == 'win32'" },
    { name = "importlib-metadata", marker = "sys_platform == 'win32'" },
    { name = "importlib-resources", marker = "sys_platform == 'win32'" },
    { name = "kiwisolver", marker = "sys_platform == 'win32'" },
    { name = "lief", marker = "sys_platform == 'win32'" },
    { name = "matplotlib", marker = "sys_platform == 'win32'" },
    { name = "numpy", marker = "sys_platform == 'win32'" },
    { name = "packaging", marker = "sys_platform == 'win32'" },
    { name = "pandas", marker = "sys_platform == 'win32'" },
    { name = "pillow", marker = "sys_platform == 'win32'" },
    { name = "py-cpuinfo", marker = "sys_platform == 'win32'" },
    { name = "pyparsing", marker = "sys_platform == 'win32'" },
    { name = "pyqt5", marker = "sys_platform == 'win32'" },
    { name = "pyqt5-qt5", marker = "sys_platform == 'win32'" },
    { name = "pyqt5-sip", marker = "sys_platform == 'win32'" },
    { name = "python-dateutil", marker = "sys_platform == 'win32'" },
    { name = "pytz", marker = "sys_platform == 'win32'" },
    { name = "pywin32", marker = "sys_platform == 'win32'" },
    { name = "reportlab", marker = "sys_platform == 'win32'" },
    { name = "six", marker = "sys_platform == 'win32'" },
    { name = "tomli", marker = "sys_platform == 'win32'" },
    { name = "typing-extensions", marker = "sys_platform == 'win32'" },
    { name = "tzdata", marker = "sys_platform == 'win32'" },
    { name = "zipp", marker = "sys_platform == 'win32'" },
]

[package.dev-dependencies]
build = [
    { name = "cx-freeze", marker = "sys_platform == 'win32'" },
]

[package.metadata]
requires-dist = [
    { name = "chardet", specifier = "==5.2.0" },
    { name = "contourpy", specifier = "==1.1.1" },
    { name = "cycler", specifier = "==0.11.0" },
    { name = "fonttools", specifier = "==4.38.0" },
    { name = "importlib-metadata", specifier = "==6.0.0" },
    { name = "importlib-resources", specifier = "==5.9.0" },
    { name = "kiwisolver", specifier = "==1.4.4" },
    { name = "lief", specifier = "==0.13.2" },
    { name = "matplotlib", specifier = "==3.7.2" },
    { name = "numpy", specifier = "==1.24.4" },
    { name = "packaging", specifier = "==25.0" },
    { name = "pandas", specifier = "==2.0.3" },
    { name = "pillow", specifier = "==9.4.0" },
    { name = "py-cpuinfo", specifier = "==9.0.0" },
    { name = "pyparsing", specifier = "==3.0.9" },
    { name = "pyqt5", specifier = "==5.15.11" },
    { name = "pyqt5-qt5", specifier = "==5.15.2" },
    { name = "pyqt5-sip", specifier = "==12.15.0" },
    { name = "python-dateutil", specifier = "==2.8.2" },
    { name = "pytz", specifier = "==2025.2" },
    { name = "pywin32", marker = "sys_platform == 'win32'", specifier = "==310" },
    { name = "reportlab", specifier = "==3.6.12" },
    { name = "six", specifier = "==1.16.0" },
    { name = "tomli", specifier = "==2.0.2" },
    { name = "typing-extensions", specifier = "==4.12.2" },
    { name = "tzdata", specifier = "==2025.2" },
    { name = "zipp", specifier = "==3.13.0" },
]

[package.metadata.requires-dev]
build = [{ name = "cx-freeze", marker = "sys_platform == 'win32'", specifier = "==7.2.10" }]

[[package]]
name = "tomli"
version = "2.0.2"
source = { registry = "D:/temp/python_Library" }
wheels = [
    { path = "D:/temp/python_Library/tomli-2.0.2-py3-none-any.whl" },
]

[[package]]
name = "typing-extensions"
version = "4.12.2"
source = { registry = "D:/temp/python_Library" }
wheels = [
    { path = "D:/temp/python_Library/typing_extensions-4.12.2-py3-none-any.whl" },
]

[[package]]
name = "tzdata"
version = "2025.2"
source = { registry = "D:/temp/python_Library" }
wheels = [
    { path = "D:/temp/python_Library/tzdata-2025.2-py2.py3-none-any.whl" },
]

[[package]]
name = "zipp"
version = "3.13.0"
source = { registry = "D:/temp/python_Library" }
wheels = [
    { path = "D:/temp/python_Library/zipp-3.13.0-py3-none-any.whl" },
]
