version = 1
revision = 3
requires-python = "==3.8.*"
resolution-markers = [
    "sys_platform == 'win32'",
]
supported-markers = [
    "sys_platform == 'win32'",
]

[[package]]
name = "chardet"
version = "5.2.0"
source = { registry = "https://pypi.org/simple" }
sdist = { url = "https://files.pythonhosted.org/packages/f3/0d/f7b6ab21ec75897ed80c17d79b15951a719226b9fababf1e40ea74d69079/chardet-5.2.0.tar.gz", hash = "sha256:1b3b6ff479a8c414bc3fa2c0852995695c4a026dcd6d0633b2dd092ca39c1cf7", size = 2069618, upload-time = "2023-08-01T19:23:02.662Z" }
wheels = [
    { url = "https://files.pythonhosted.org/packages/38/6f/f5fbc992a329ee4e0f288c1fe0e2ad9485ed064cac731ed2fe47dcc38cbf/chardet-5.2.0-py3-none-any.whl", hash = "sha256:e1cf59446890a00105fe7b7912492ea04b6e6f06d4b742b2c788469e34c82970", size = 199385, upload-time = "2023-08-01T19:23:00.661Z" },
]

[[package]]
name = "contourpy"
version = "1.1.1"
source = { registry = "https://pypi.org/simple" }
dependencies = [
    { name = "numpy", marker = "sys_platform == 'win32'" },
]
sdist = { url = "https://files.pythonhosted.org/packages/b1/7d/087ee4295e7580d3f7eb8a8a4e0ec8c7847e60f34135248ccf831cf5bbfc/contourpy-1.1.1.tar.gz", hash = "sha256:96ba37c2e24b7212a77da85004c38e7c4d155d3e72a45eeaf22c1f03f607e8ab", size = 13433167, upload-time = "2023-09-16T10:25:49.501Z" }
wheels = [
    { url = "https://files.pythonhosted.org/packages/d0/b0/f8d4548e89f929d6c5ca329df9afad6190af60079ec77d8c31eb48cf6f82/contourpy-1.1.1-cp38-cp38-win32.whl", hash = "sha256:f9dc7f933975367251c1b34da882c4f0e0b2e24bb35dc906d2f598a40b72bfc7", size = 400031, upload-time = "2023-09-16T10:22:57.78Z" },
    { url = "https://files.pythonhosted.org/packages/96/1b/b05cd42c8d21767a0488b883b38658fb9a45f86c293b7b42521a8113dc5d/contourpy-1.1.1-cp38-cp38-win_amd64.whl", hash = "sha256:498e53573e8b94b1caeb9e62d7c2d053c263ebb6aa259c81050766beb50ff8d9", size = 477949, upload-time = "2023-09-16T10:23:02.587Z" },
    { url = "https://files.pythonhosted.org/packages/18/d3/9d7c0a372baf5130c1417a4b8275079d5379c11355436cb9fc78af7d7559/contourpy-1.1.1-pp38-pypy38_pp73-win_amd64.whl", hash = "sha256:4f9147051cb8fdb29a51dc2482d792b3b23e50f8f57e3720ca2e3d438b7adf23", size = 476043, upload-time = "2023-09-16T10:23:54.495Z" },
]

[[package]]
name = "cx-freeze"
version = "7.2.10"
source = { registry = "https://pypi.org/simple" }
dependencies = [
    { name = "cx-logging", marker = "sys_platform == 'win32'" },
    { name = "importlib-metadata", marker = "sys_platform == 'win32'" },
    { name = "lief", marker = "sys_platform == 'win32'" },
    { name = "packaging", marker = "sys_platform == 'win32'" },
    { name = "setuptools", marker = "sys_platform == 'win32'" },
    { name = "tomli", marker = "sys_platform == 'win32'" },
    { name = "typing-extensions", marker = "sys_platform == 'win32'" },
]
sdist = { url = "https://files.pythonhosted.org/packages/d4/c3/9f05155f7e0f55041add55cedc8724e9d36418c11c2e29131056fbce8e5e/cx_freeze-7.2.10.tar.gz", hash = "sha256:16a6eb37db7d158d0eb4bba8b93a135b6c85ea4bf2c4176c437bc34f01067e61", size = 3146042, upload-time = "2025-02-06T09:36:56.761Z" }
wheels = [
    { url = "https://files.pythonhosted.org/packages/4f/d0/33bd10c7675e8ef6dd5bf2a9331dc2c0ad3e28a8c3eb27197ec3c2a8feaa/cx_Freeze-7.2.10-cp38-cp38-win32.whl", hash = "sha256:4309655f33bc9893f58f27618be76f46d66cc31997040ae1a3ec718159983ad5", size = 2051723, upload-time = "2025-02-06T09:36:35.801Z" },
    { url = "https://files.pythonhosted.org/packages/ad/9c/031016808f50b4a22b88e85205d3f1dc76028ab70ab22e385451ae187850/cx_Freeze-7.2.10-cp38-cp38-win_amd64.whl", hash = "sha256:ae9cdf73f4200bb4b9197e12d2a97f466f058f040fbd8924fd4ee6fbaf53d0a8", size = 2054639, upload-time = "2025-02-06T09:36:38.376Z" },
]

[[package]]
name = "cx-logging"
version = "3.2.0"
source = { registry = "https://pypi.org/simple" }
sdist = { url = "https://files.pythonhosted.org/packages/c2/15/7a2e83df1dbe7f8d7aee95eff2b9a9f90ab3dd048cce71e82be43e205050/cx_Logging-3.2.0.tar.gz", hash = "sha256:bdbad6d2e6a0cc5bef962a34d7aa1232e88ea9f3541d6e2881675b5e7eab5502", size = 26933, upload-time = "2024-03-23T03:18:03.484Z" }
wheels = [
    { url = "https://files.pythonhosted.org/packages/d4/54/112f409b591d6c4dd010b916124aefeafa856a14dba55dc0af6669dc8a47/cx_Logging-3.2.0-cp38-cp38-win32.whl", hash = "sha256:08bf89fa288c4aae9ad34534813aea1e275beb052bc40c7e4ef76862954c61b7", size = 22485, upload-time = "2024-03-23T03:18:30.602Z" },
    { url = "https://files.pythonhosted.org/packages/87/4b/dc32a005b1db9ba9e563193e06233807f6a5880b62970a052cf9df00b2ed/cx_Logging-3.2.0-cp38-cp38-win_amd64.whl", hash = "sha256:e7c883b1cfd76a44ded9677333bebb01e50970b52bdc5746cc2f45a661cebb7a", size = 26506, upload-time = "2024-03-23T03:18:31.716Z" },
]

[[package]]
name = "cycler"
version = "0.11.0"
source = { registry = "https://pypi.org/simple" }
sdist = { url = "https://files.pythonhosted.org/packages/34/45/a7caaacbfc2fa60bee42effc4bcc7d7c6dbe9c349500e04f65a861c15eb9/cycler-0.11.0.tar.gz", hash = "sha256:9c87405839a19696e837b3b818fed3f5f69f16f1eec1a1ad77e043dcea9c772f", size = 18784, upload-time = "2021-10-29T03:40:40.6Z" }
wheels = [
    { url = "https://files.pythonhosted.org/packages/5c/f9/695d6bedebd747e5eb0fe8fad57b72fdf25411273a39791cde838d5a8f51/cycler-0.11.0-py3-none-any.whl", hash = "sha256:3a27e95f763a428a739d2add979fa7494c912a32c17c4c38c4d5f082cad165a3", size = 6389, upload-time = "2021-10-29T03:40:55.14Z" },
]

[[package]]
name = "fonttools"
version = "4.38.0"
source = { registry = "https://pypi.org/simple" }
sdist = { url = "https://files.pythonhosted.org/packages/55/5c/a4a25cf6db42d113d8f626901bb156b2f7cf7c7564a6bbc7b5cd6f7cb484/fonttools-4.38.0.zip", hash = "sha256:2bb244009f9bf3fa100fc3ead6aeb99febe5985fa20afbfbaa2f8946c2fbdaf1", size = 5071980, upload-time = "2022-10-21T18:18:52.599Z" }
wheels = [
    { url = "https://files.pythonhosted.org/packages/e3/d9/e9bae85e84737e76ebbcbea13607236da0c0699baed0ae4f1151b728a608/fonttools-4.38.0-py3-none-any.whl", hash = "sha256:820466f43c8be8c3009aef8b87e785014133508f0de64ec469e4efb643ae54fb", size = 965361, upload-time = "2022-10-21T18:18:48.957Z" },
]

[[package]]
name = "importlib-metadata"
version = "6.0.0"
source = { registry = "https://pypi.org/simple" }
dependencies = [
    { name = "zipp", marker = "sys_platform == 'win32'" },
]
sdist = { url = "https://files.pythonhosted.org/packages/90/07/6397ad02d31bddf1841c9ad3ec30a693a3ff208e09c2ef45c9a8a5f85156/importlib_metadata-6.0.0.tar.gz", hash = "sha256:e354bedeb60efa6affdcc8ae121b73544a7aa74156d047311948f6d711cd378d", size = 49776, upload-time = "2023-01-01T18:03:09.345Z" }
wheels = [
    { url = "https://files.pythonhosted.org/packages/26/a7/9da7d5b23fc98ab3d424ac2c65613d63c1f401efb84ad50f2fa27b2caab4/importlib_metadata-6.0.0-py3-none-any.whl", hash = "sha256:7efb448ec9a5e313a57655d35aa54cd3e01b7e1fbcf72dce1bf06119420f5bad", size = 21859, upload-time = "2023-01-01T18:03:07.879Z" },
]

[[package]]
name = "importlib-resources"
version = "5.9.0"
source = { registry = "https://pypi.org/simple" }
dependencies = [
    { name = "zipp", marker = "sys_platform == 'win32'" },
]
sdist = { url = "https://files.pythonhosted.org/packages/38/b6/bc58f9261c70abb5fd670f9ad5d84445a402b4b473f308c5bf699cd379e0/importlib_resources-5.9.0.tar.gz", hash = "sha256:5481e97fb45af8dcf2f798952625591c58fe599d0735d86b10f54de086a61681", size = 36314, upload-time = "2022-07-22T16:48:22.185Z" }
wheels = [
    { url = "https://files.pythonhosted.org/packages/d3/91/4df247dd4da18b72b5bbabe1fa2b85029c34e1d6f0afdd6329d15d6bf2b5/importlib_resources-5.9.0-py3-none-any.whl", hash = "sha256:f78a8df21a79bcc30cfd400bdc38f314333de7c0fb619763f6b9dabab8268bb7", size = 33030, upload-time = "2022-07-22T16:47:03.952Z" },
]

[[package]]
name = "kiwisolver"
version = "1.4.4"
source = { registry = "https://pypi.org/simple" }
sdist = { url = "https://files.pythonhosted.org/packages/5f/5c/272a7dd49a1914f35cd8d6d9f386defa8b047f6fbd06badd6b77b3ba24e7/kiwisolver-1.4.4.tar.gz", hash = "sha256:d41997519fcba4a1e46eb4a2fe31bc12f0ff957b2b81bac28db24744f333e955", size = 97093, upload-time = "2022-07-15T20:38:00.094Z" }
wheels = [
    { url = "https://files.pythonhosted.org/packages/5a/77/c8e94936cbafe39a7f454a365cf7fe5eec33bbd16c9301e10dea44ed24db/kiwisolver-1.4.4-cp38-cp38-win32.whl", hash = "sha256:75facbe9606748f43428fc91a43edb46c7ff68889b91fa31f53b58894503a191", size = 46196, upload-time = "2022-07-15T20:37:39.377Z" },
    { url = "https://files.pythonhosted.org/packages/4f/05/59b34e788bf2b45c7157c3d898d567d28bc42986c1b6772fb1af329eea0d/kiwisolver-1.4.4-cp38-cp38-win_amd64.whl", hash = "sha256:5bce61af018b0cb2055e0e72e7d65290d822d3feee430b7b8203d8a855e78766", size = 55384, upload-time = "2022-07-15T20:37:40.855Z" },
    { url = "https://files.pythonhosted.org/packages/f6/e8/194a4b4eee0990a648711bfb769a7110d10fd8d8b370a0464cb3d1060381/kiwisolver-1.4.4-pp38-pypy38_pp73-win_amd64.whl", hash = "sha256:70e7c2e7b750585569564e2e5ca9845acfaa5da56ac46df68414f29fea97be9f", size = 55598, upload-time = "2022-08-16T07:20:19.175Z" },
]

[[package]]
name = "lief"
version = "0.13.2"
source = { registry = "https://pypi.org/simple" }
wheels = [
    { url = "https://files.pythonhosted.org/packages/9a/d7/686fa63f54b10029d3c01f066193a7d87e9568df68e58b2b7b20a8057fba/lief-0.13.2-cp38-cp38-win32.whl", hash = "sha256:03db0138e4dbbdfa8bba74de312b0cebb30f504e44f38a9c8918b84022da340b", size = 2493484, upload-time = "2023-06-17T16:26:01.474Z" },
    { url = "https://files.pythonhosted.org/packages/f9/45/6921c604f957b0b4910f799ca9f70ae7e07117b89b115997d0ad734fdb95/lief-0.13.2-cp38-cp38-win_amd64.whl", hash = "sha256:36c5bea3f8460dee3ebb75d35949f445638ec85d2871f31e293c47fb4a0a5af7", size = 3090603, upload-time = "2023-06-17T16:26:04.65Z" },
]

[[package]]
name = "matplotlib"
version = "3.7.2"
source = { registry = "https://pypi.org/simple" }
dependencies = [
    { name = "contourpy", marker = "sys_platform == 'win32'" },
    { name = "cycler", marker = "sys_platform == 'win32'" },
    { name = "fonttools", marker = "sys_platform == 'win32'" },
    { name = "importlib-resources", marker = "sys_platform == 'win32'" },
    { name = "kiwisolver", marker = "sys_platform == 'win32'" },
    { name = "numpy", marker = "sys_platform == 'win32'" },
    { name = "packaging", marker = "sys_platform == 'win32'" },
    { name = "pillow", marker = "sys_platform == 'win32'" },
    { name = "pyparsing", marker = "sys_platform == 'win32'" },
    { name = "python-dateutil", marker = "sys_platform == 'win32'" },
]
sdist = { url = "https://files.pythonhosted.org/packages/e5/59/b859fa2539b4121b016ea85758188203522fc12b0711de8b247cfec3cdac/matplotlib-3.7.2.tar.gz", hash = "sha256:a8cdb91dddb04436bd2f098b8fdf4b81352e68cf4d2c6756fcc414791076569b", size = 38095843, upload-time = "2023-07-05T21:01:24.243Z" }
wheels = [
    { url = "https://files.pythonhosted.org/packages/40/28/2cadcff6fe0b7498726d9efe259c0d85625dda59932ec04fb1de811b0968/matplotlib-3.7.2-cp38-cp38-win32.whl", hash = "sha256:5dea00b62d28654b71ca92463656d80646675628d0828e08a5f3b57e12869e13", size = 7338646, upload-time = "2023-07-05T21:03:12.604Z" },
    { url = "https://files.pythonhosted.org/packages/6d/f8/ff4acac6ea3f896146fd2a9f76dafb7c36973f2a329cae1d60a7c7252395/matplotlib-3.7.2-cp38-cp38-win_amd64.whl", hash = "sha256:0f506a1776ee94f9e131af1ac6efa6e5bc7cb606a3e389b0ccb6e657f60bb676", size = 7505821, upload-time = "2023-07-05T21:03:15.358Z" },
    { url = "https://files.pythonhosted.org/packages/ab/43/734eddeb4636775467287e2626ffe64d7a94f432ed829c60f687ebd0b1d4/matplotlib-3.7.2-pp38-pypy38_pp73-win_amd64.whl", hash = "sha256:936bba394682049919dda062d33435b3be211dc3dcaa011e09634f060ec878b2", size = 7519633, upload-time = "2023-07-05T21:03:53.531Z" },
]

[[package]]
name = "numpy"
version = "1.24.4"
source = { registry = "https://pypi.org/simple" }
sdist = { url = "https://files.pythonhosted.org/packages/a4/9b/027bec52c633f6556dba6b722d9a0befb40498b9ceddd29cbe67a45a127c/numpy-1.24.4.tar.gz", hash = "sha256:80f5e3a4e498641401868df4208b74581206afbee7cf7b8329daae82676d9463", size = 10911229, upload-time = "2023-06-26T13:39:33.218Z" }
wheels = [
    { url = "https://files.pythonhosted.org/packages/d1/57/8d328f0b91c733aa9aa7ee540dbc49b58796c862b4fbcb1146c701e888da/numpy-1.24.4-cp38-cp38-win32.whl", hash = "sha256:4602244f345453db537be5314d3983dbf5834a9701b7723ec28923e2889e0bb2", size = 12455660, upload-time = "2023-06-26T13:29:33.434Z" },
    { url = "https://files.pythonhosted.org/packages/69/65/0d47953afa0ad569d12de5f65d964321c208492064c38fe3b0b9744f8d44/numpy-1.24.4-cp38-cp38-win_amd64.whl", hash = "sha256:692f2e0f55794943c5bfff12b3f56f99af76f902fc47487bdfe97856de51a706", size = 14868112, upload-time = "2023-06-26T13:29:58.385Z" },
    { url = "https://files.pythonhosted.org/packages/fc/dd/9106005eb477d022b60b3817ed5937a43dad8fd1f20b0610ea8a32fcb407/numpy-1.24.4-pp38-pypy38_pp73-win_amd64.whl", hash = "sha256:e98f220aa76ca2a977fe435f5b04d7b3470c0a2e6312907b37ba6068f26787f2", size = 14734290, upload-time = "2023-06-26T13:34:05.409Z" },
]

[[package]]
name = "packaging"
version = "25.0"
source = { registry = "https://pypi.org/simple" }
sdist = { url = "https://files.pythonhosted.org/packages/a1/d4/1fc4078c65507b51b96ca8f8c3ba19e6a61c8253c72794544580a7b6c24d/packaging-25.0.tar.gz", hash = "sha256:d443872c98d677bf60f6a1f2f8c1cb748e8fe762d2bf9d3148b5599295b0fc4f", size = 165727, upload-time = "2025-04-19T11:48:59.673Z" }
wheels = [
    { url = "https://files.pythonhosted.org/packages/20/12/38679034af332785aac8774540895e234f4d07f7545804097de4b666afd8/packaging-25.0-py3-none-any.whl", hash = "sha256:29572ef2b1f17581046b3a2227d5c611fb25ec70ca1ba8554b24b0e69331a484", size = 66469, upload-time = "2025-04-19T11:48:57.875Z" },
]

[[package]]
name = "pandas"
version = "2.0.3"
source = { registry = "https://pypi.org/simple" }
dependencies = [
    { name = "numpy", marker = "sys_platform == 'win32'" },
    { name = "python-dateutil", marker = "sys_platform == 'win32'" },
    { name = "pytz", marker = "sys_platform == 'win32'" },
    { name = "tzdata", marker = "sys_platform == 'win32'" },
]
sdist = { url = "https://files.pythonhosted.org/packages/b1/a7/824332581e258b5aa4f3763ecb2a797e5f9a54269044ba2e50ac19936b32/pandas-2.0.3.tar.gz", hash = "sha256:c02f372a88e0d17f36d3093a644c73cfc1788e876a7c4bcb4020a77512e2043c", size = 5284455, upload-time = "2023-06-28T23:19:33.371Z" }
wheels = [
    { url = "https://files.pythonhosted.org/packages/ea/ae/26a2eda7fa581347d69e51f93892493b2074ef3352ac71033c9f32c52389/pandas-2.0.3-cp38-cp38-win32.whl", hash = "sha256:f3421a7afb1a43f7e38e82e844e2bca9a6d793d66c1a7f9f0ff39a795bbc5e02", size = 9646403, upload-time = "2023-06-28T23:18:24.328Z" },
    { url = "https://files.pythonhosted.org/packages/c3/6c/ea362eef61f05553aaf1a24b3e96b2d0603f5dc71a3bd35688a24ed88843/pandas-2.0.3-cp38-cp38-win_amd64.whl", hash = "sha256:69d7f3884c95da3a31ef82b7618af5710dba95bb885ffab339aad925c3e8ce78", size = 10777638, upload-time = "2023-06-28T23:18:30.947Z" },
]

[[package]]
name = "pillow"
version = "9.4.0"
source = { registry = "https://pypi.org/simple" }
sdist = { url = "https://files.pythonhosted.org/packages/bc/07/830784e061fb94d67649f3e438ff63cfb902dec6d48ac75aeaaac7c7c30e/Pillow-9.4.0.tar.gz", hash = "sha256:a1c2d7780448eb93fbcc3789bf3916aa5720d942e37945f4056680317f1cd23e", size = 50403076, upload-time = "2023-01-02T02:58:26.682Z" }
wheels = [
    { url = "https://files.pythonhosted.org/packages/74/11/0545b9a88e11bdb38f3fccc63de9c445ea6f4c521c69dab7c538db905068/Pillow-9.4.0-cp38-cp38-win32.whl", hash = "sha256:df41112ccce5d47770a0c13651479fbcd8793f34232a2dd9faeccb75eb5d0d0d", size = 2201727, upload-time = "2023-01-02T02:56:04.663Z" },
    { url = "https://files.pythonhosted.org/packages/8c/a3/f096c4199c0af6d205a9cf1f3440581614016d9cfcab3a4091ecd5d1e26b/Pillow-9.4.0-cp38-cp38-win_amd64.whl", hash = "sha256:7a21222644ab69ddd9967cfe6f2bb420b460dae4289c9d40ff9a4896e7c35c9a", size = 2500094, upload-time = "2023-01-02T02:56:09.964Z" },
    { url = "https://files.pythonhosted.org/packages/a2/a2/0e323e6098b3a0a61fb09a61a38dfdb107b2d2df68c437320b8014565983/Pillow-9.4.0-pp38-pypy38_pp73-win_amd64.whl", hash = "sha256:e9d7747847c53a16a729b6ee5e737cf170f7a16611c143d95aa60a109a59c336", size = 2500017, upload-time = "2023-01-02T02:57:18.909Z" },
]

[[package]]
name = "py-cpuinfo"
version = "9.0.0"
source = { registry = "https://pypi.org/simple" }
sdist = { url = "https://files.pythonhosted.org/packages/37/a8/d832f7293ebb21690860d2e01d8115e5ff6f2ae8bbdc953f0eb0fa4bd2c7/py-cpuinfo-9.0.0.tar.gz", hash = "sha256:3cdbbf3fac90dc6f118bfd64384f309edeadd902d7c8fb17f02ffa1fc3f49690", size = 104716, upload-time = "2022-10-25T20:38:06.303Z" }
wheels = [
    { url = "https://files.pythonhosted.org/packages/e0/a9/023730ba63db1e494a271cb018dcd361bd2c917ba7004c3e49d5daf795a2/py_cpuinfo-9.0.0-py3-none-any.whl", hash = "sha256:859625bc251f64e21f077d099d4162689c762b5d6a4c3c97553d56241c9674d5", size = 22335, upload-time = "2022-10-25T20:38:27.636Z" },
]

[[package]]
name = "pyparsing"
version = "3.0.9"
source = { registry = "https://pypi.org/simple" }
sdist = { url = "https://files.pythonhosted.org/packages/71/22/207523d16464c40a0310d2d4d8926daffa00ac1f5b1576170a32db749636/pyparsing-3.0.9.tar.gz", hash = "sha256:2b020ecf7d21b687f219b71ecad3631f644a47f01403fa1d1036b0c6416d70fb", size = 1999906, upload-time = "2022-05-10T23:26:05.963Z" }
wheels = [
    { url = "https://files.pythonhosted.org/packages/6c/10/a7d0fa5baea8fe7b50f448ab742f26f52b80bfca85ac2be9d35cdd9a3246/pyparsing-3.0.9-py3-none-any.whl", hash = "sha256:5026bae9a10eeaefb61dab2f09052b9f4307d44aee4eda64b309723d8d206bbc", size = 98338, upload-time = "2022-05-10T23:26:03.201Z" },
]

[[package]]
name = "pyqt5"
version = "5.15.11"
source = { registry = "https://pypi.org/simple" }
dependencies = [
    { name = "pyqt5-qt5", marker = "sys_platform == 'win32'" },
    { name = "pyqt5-sip", marker = "sys_platform == 'win32'" },
]
sdist = { url = "https://files.pythonhosted.org/packages/0e/07/c9ed0bd428df6f87183fca565a79fee19fa7c88c7f00a7f011ab4379e77a/PyQt5-5.15.11.tar.gz", hash = "sha256:fda45743ebb4a27b4b1a51c6d8ef455c4c1b5d610c90d2934c7802b5c1557c52", size = 3216775, upload-time = "2024-07-19T08:39:57.756Z" }
wheels = [
    { url = "https://files.pythonhosted.org/packages/f3/f0/ae5a5b4f9b826b29ea4be841b2f2d951bcf5ae1d802f3732b145b57c5355/PyQt5-5.15.11-cp38-abi3-win32.whl", hash = "sha256:76be0322ceda5deecd1708a8d628e698089a1cea80d1a49d242a6d579a40babd", size = 5433308, upload-time = "2024-07-19T08:39:46.932Z" },
    { url = "https://files.pythonhosted.org/packages/56/d5/68eb9f3d19ce65df01b6c7b7a577ad3bbc9ab3a5dd3491a4756e71838ec9/PyQt5-5.15.11-cp38-abi3-win_amd64.whl", hash = "sha256:bdde598a3bb95022131a5c9ea62e0a96bd6fb28932cc1619fd7ba211531b7517", size = 6865864, upload-time = "2024-07-19T08:39:53.572Z" },
]

[[package]]
name = "pyqt5-qt5"
version = "5.15.2"
source = { registry = "https://pypi.org/simple" }
wheels = [
    { url = "https://files.pythonhosted.org/packages/1c/7e/ce7c66a541a105fa98b41d6405fe84940564695e29fc7dccf6d9e8c5f898/PyQt5_Qt5-5.15.2-py3-none-win32.whl", hash = "sha256:9cc7a768b1921f4b982ebc00a318ccb38578e44e45316c7a4a850e953e1dd327", size = 43447358, upload-time = "2021-03-10T14:01:17.827Z" },
    { url = "https://files.pythonhosted.org/packages/37/97/5d3b222b924fa2ed4c2488925155cd0b03fd5d09ee1cfcf7c553c11c9f66/PyQt5_Qt5-5.15.2-py3-none-win_amd64.whl", hash = "sha256:750b78e4dba6bdf1607febedc08738e318ea09e9b10aea9ff0d73073f11f6962", size = 50075158, upload-time = "2021-03-10T14:05:20.868Z" },
]

[[package]]
name = "pyqt5-sip"
version = "12.15.0"
source = { registry = "https://pypi.org/simple" }
sdist = { url = "https://files.pythonhosted.org/packages/1b/15/78318d50f10062c428e97e7ce387e772616a4673c356018b905f247a6a85/PyQt5_sip-12.15.0.tar.gz", hash = "sha256:d23fdfcf363b5cedd9d39f8a9c5710e7d52804f5b08a58e91c638b36eafcb702", size = 104024, upload-time = "2024-07-12T15:38:08.283Z" }
wheels = [
    { url = "https://files.pythonhosted.org/packages/64/34/507fd1aedb0919137d9a3fd806462543a7697e877999efbbdcb890f41379/PyQt5_sip-12.15.0-cp38-cp38-win32.whl", hash = "sha256:dd241de9c569c07bbba62bff1049996e5b52478164f61f430073a87bf6d26d33", size = 48884, upload-time = "2024-07-12T15:37:59.525Z" },
    { url = "https://files.pythonhosted.org/packages/4f/fc/7d44e8f83eded93fa1517d8354529b7a21cae5d93c26e1681fd7e4bcbb2b/PyQt5_sip-12.15.0-cp38-cp38-win_amd64.whl", hash = "sha256:f600ae6f03e4bff91153c0dc7ebe52f90bd2b6afda58fd580e6990b3b951adc0", size = 59038, upload-time = "2024-07-12T15:38:01.004Z" },
]

[[package]]
name = "python-dateutil"
version = "2.8.2"
source = { registry = "https://pypi.org/simple" }
dependencies = [
    { name = "six", marker = "sys_platform == 'win32'" },
]
sdist = { url = "https://files.pythonhosted.org/packages/4c/c4/13b4776ea2d76c115c1d1b84579f3764ee6d57204f6be27119f13a61d0a9/python-dateutil-2.8.2.tar.gz", hash = "sha256:0123cacc1627ae19ddf3c27a5de5bd67ee4586fbdd6440d9748f8abb483d3e86", size = 357324, upload-time = "2021-07-14T08:19:19.783Z" }
wheels = [
    { url = "https://files.pythonhosted.org/packages/36/7a/87837f39d0296e723bb9b62bbb257d0355c7f6128853c78955f57342a56d/python_dateutil-2.8.2-py2.py3-none-any.whl", hash = "sha256:961d03dc3453ebbc59dbdea9e4e11c5651520a876d0f4db161e8674aae935da9", size = 247702, upload-time = "2021-07-14T08:19:18.161Z" },
]

[[package]]
name = "pytz"
version = "2025.2"
source = { registry = "https://pypi.org/simple" }
sdist = { url = "https://files.pythonhosted.org/packages/f8/bf/abbd3cdfb8fbc7fb3d4d38d320f2441b1e7cbe29be4f23797b4a2b5d8aac/pytz-2025.2.tar.gz", hash = "sha256:360b9e3dbb49a209c21ad61809c7fb453643e048b38924c765813546746e81c3", size = 320884, upload-time = "2025-03-25T02:25:00.538Z" }
wheels = [
    { url = "https://files.pythonhosted.org/packages/81/c4/34e93fe5f5429d7570ec1fa436f1986fb1f00c3e0f43a589fe2bbcd22c3f/pytz-2025.2-py2.py3-none-any.whl", hash = "sha256:5ddf76296dd8c44c26eb8f4b6f35488f3ccbf6fbbd7adee0b7262d43f0ec2f00", size = 509225, upload-time = "2025-03-25T02:24:58.468Z" },
]

[[package]]
name = "pywin32"
version = "310"
source = { registry = "https://pypi.org/simple" }
wheels = [
    { url = "https://files.pythonhosted.org/packages/46/65/9c5b79424e344b976394f2b1bb4bedfa4cd013143b72b301a66e4b8943fe/pywin32-310-cp38-cp38-win32.whl", hash = "sha256:0867beb8addefa2e3979d4084352e4ac6e991ca45373390775f7084cc0209b9c", size = 8853889, upload-time = "2025-03-17T00:55:38.177Z" },
    { url = "https://files.pythonhosted.org/packages/0c/3b/05f848971b3a44b35cd48ea0c6c648745be8bc5a3fc9f4df6f135c7f1e07/pywin32-310-cp38-cp38-win_amd64.whl", hash = "sha256:30f0a9b3138fb5e07eb4973b7077e1883f558e40c578c6925acc7a94c34eaa36", size = 9609017, upload-time = "2025-03-17T00:55:40.483Z" },
]

[[package]]
name = "reportlab"
version = "3.6.12"
source = { registry = "https://pypi.org/simple" }
dependencies = [
    { name = "pillow", marker = "sys_platform == 'win32'" },
]
sdist = { url = "https://files.pythonhosted.org/packages/b8/ac/10d68a650b321bd8c4d8cbefd9994e7727d57b381c9bdb0a013273011e62/reportlab-3.6.12.tar.gz", hash = "sha256:b13cebf4e397bba14542bcd023338b6ff2c151a3a12aabca89eecbf972cb361a", size = 4519536, upload-time = "2022-10-26T08:16:45.064Z" }
wheels = [
    { url = "https://files.pythonhosted.org/packages/65/b9/fd544f6ba72c8a4cd12d95737b3604c4b021ceb340055e3f267ad48c3795/reportlab-3.6.12-cp38-cp38-win32.whl", hash = "sha256:b777ddc57b2d3366cbc540616034cdc1089ca0a31fefc907028e1dd62a6bf16c", size = 2278667, upload-time = "2022-10-26T08:16:19.207Z" },
    { url = "https://files.pythonhosted.org/packages/8a/d0/b88932ae0a508fbdf9a3e73907e0f9c0a1e6acb71546a3ae423e237baeec/reportlab-3.6.12-cp38-cp38-win_amd64.whl", hash = "sha256:c07ec796a2a5d44bf787f2b623b6e668a389b0cafb78af34cf74554ff3bc532b", size = 2337531, upload-time = "2022-10-26T08:16:21.806Z" },
]

[[package]]
name = "setuptools"
version = "75.3.4"
source = { registry = "https://pypi.org/simple" }
sdist = { url = "https://files.pythonhosted.org/packages/0e/93/d2622cbf262418995140dfc1ddb890badd6322893fa122302577c82b9617/setuptools-75.3.4.tar.gz", hash = "sha256:b4ea3f76e1633c4d2d422a5d68ab35fd35402ad71e6acaa5d7e5956eb47e8887", size = 1354595, upload-time = "2026-02-08T14:12:34.287Z" }
wheels = [
    { url = "https://files.pythonhosted.org/packages/cd/b1/961ba076c7d3732e3a97e6681c55ef647afb795fe8bfcd27becec8a762ce/setuptools-75.3.4-py3-none-any.whl", hash = "sha256:2dd50a7f42dddfa1d02a36f275dbe716f38ed250224f609d35fb60a09593d93e", size = 1251633, upload-time = "2026-02-08T14:12:32.364Z" },
]

[[package]]
name = "six"
version = "1.16.0"
source = { registry = "https://pypi.org/simple" }
sdist = { url = "https://files.pythonhosted.org/packages/71/39/171f1c67cd00715f190ba0b100d606d440a28c93c7714febeca8b79af85e/six-1.16.0.tar.gz", hash = "sha256:1e61c37477a1626458e36f7b1d82aa5c9b094fa4802892072e49de9c60c4c926", size = 34041, upload-time = "2021-05-05T14:18:18.379Z" }
wheels = [
    { url = "https://files.pythonhosted.org/packages/d9/5a/e7c31adbe875f2abbb91bd84cf2dc52d792b5a01506781dbcf25c91daf11/six-1.16.0-py2.py3-none-any.whl", hash = "sha256:8abb2f1d86890a2dfb989f9a77cfcfd3e47c2a354b01111771326f8aa26e0254", size = 11053, upload-time = "2021-05-05T14:18:17.237Z" },
]

[[package]]
name = "tg-naladka"
source = { editable = "." }
dependencies = [
    { name = "chardet", marker = "sys_platform == 'win32'" },
    { name = "contourpy", marker = "sys_platform == 'win32'" },
    { name = "cycler", marker = "sys_platform == 'win32'" },
    { name = "fonttools", marker = "sys_platform == 'win32'" },
    { name = "importlib-metadata", marker = "sys_platform == 'win32'" },
    { name = "importlib-resources", marker = "sys_platform == 'win32'" },
    { name = "kiwisolver", marker = "sys_platform == 'win32'" },
    { name = "lief", marker = "sys_platform == 'win32'" },
    { name = "matplotlib", marker = "sys_platform == 'win32'" },
    { name = "numpy", marker = "sys_platform == 'win32'" },
    { name = "packaging", marker = "sys_platform == 'win32'" },
    { name = "pandas", marker = "sys_platform == 'win32'" },
    { name = "pillow", marker = "sys_platform == 'win32'" },
    { name = "py-cpuinfo", marker = "sys_platform == 'win32'" },
    { name = "pyparsing", marker = "sys_platform == 'win32'" },
    { name = "pyqt5", marker = "sys_platform == 'win32'" },
    { name = "pyqt5-qt5", marker = "sys_platform == 'win32'" },
    { name = "pyqt5-sip", marker = "sys_platform == 'win32'" },
    { name = "python-dateutil", marker = "sys_platform == 'win32'" },
    { name = "pytz", marker = "sys_platform == 'win32'" },
    { name = "pywin32", marker = "sys_platform == 'win32'" },
    { name = "reportlab", marker = "sys_platform == 'win32'" },
    { name = "six", marker = "sys_platform == 'win32'" },
    { name = "tomli", marker = "sys_platform == 'win32'" },
    { name = "typing-extensions", marker = "sys_platform == 'win32'" },
    { name = "tzdata", marker = "sys_platform == 'win32'" },
    { name = "zipp", marker = "sys_platform == 'win32'" },
]

[package.dev-dependencies]
build = [
    { name = "cx-freeze", marker = "sys_platform == 'win32'" },
]

[package.metadata]
requires-dist = [
    { name = "chardet", specifier = "==5.2.0" },
    { name = "contourpy", specifier = "==1.1.1" },
    { name = "cycler", specifier = "==0.11.0" },
    { name = "fonttools", specifier = "==4.38.0" },
    { name = "importlib-metadata", specifier = "==6.0.0" },
    { name = "importlib-resources", specifier = "==5.9.0" },
    { name = "kiwisolver", specifier = "==1.4.4" },
    { name = "lief", specifier = "==0.13.2" },
    { name = "matplotlib", specifier = "==3.7.2" },
    { name = "numpy", specifier = "==1.24.4" },
    { name = "packaging", specifier = "==25.0" },
    { name = "pandas", specifier = "==2.0.3" },
    { name = "pillow", specifier = "==9.4.0" },
    { name = "py-cpuinfo", specifier = "==9.0.0" },
    { name = "pyparsing", specifier = "==3.0.9" },
    { name = "pyqt5", specifier = "==5.15.11" },
    { name = "pyqt5-qt5", specifier = "==5.15.2" },
    { name = "pyqt5-sip", specifier = "==12.15.0" },
    { name = "python-dateutil", specifier = "==2.8.2" },
    { name = "pytz", specifier = "==2025.2" },
    { name = "pywin32", marker = "sys_platform == 'win32'", specifier = "==310" },
    { name = "reportlab", specifier = "==3.6.12" },
    { name = "six", specifier = "==1.16.0" },
    { name = "tomli", specifier = "==2.0.2" },
    { name = "typing-extensions", specifier = "==4.12.2" },
    { name = "tzdata", specifier = "==2025.2" },
    { name = "zipp", specifier = "==3.13.0" },
]

[package.metadata.requires-dev]
build = [{ name = "cx-freeze", marker = "sys_platform == 'win32'", specifier = "==7.2.10" }]

[[package]]
name = "tomli"
version = "2.0.2"
source = { registry = "https://pypi.org/simple" }
sdist = { url = "https://files.pythonhosted.org/packages/35/b9/de2a5c0144d7d75a57ff355c0c24054f965b2dc3036456ae03a51ea6264b/tomli-2.0.2.tar.gz", hash = "sha256:d46d457a85337051c36524bc5349dd91b1877838e2979ac5ced3e710ed8a60ed", size = 16096, upload-time = "2024-10-02T10:46:13.208Z" }
wheels = [
    { url = "https://files.pythonhosted.org/packages/cf/db/ce8eda256fa131af12e0a76d481711abe4681b6923c27efb9a255c9e4594/tomli-2.0.2-py3-none-any.whl", hash = "sha256:2ebe24485c53d303f690b0ec092806a085f07af5a5aa1464f3931eec36caaa38", size = 13237, upload-time = "2024-10-02T10:46:11.806Z" },
]

[[package]]
name = "typing-extensions"
version = "4.12.2"
source = { registry = "https://pypi.org/simple" }
sdist = { url = "https://files.pythonhosted.org/packages/df/db/f35a00659bc03fec321ba8bce9420de607a1d37f8342eee1863174c69557/typing_extensions-4.12.2.tar.gz", hash = "sha256:1a7ead55c7e559dd4dee8856e3a88b41225abfe1ce8df57b7c13915fe121ffb8", size = 85321, upload-time = "2024-06-07T18:52:15.995Z" }
wheels = [
    { url = "https://files.pythonhosted.org/packages/26/9f/ad63fc0248c5379346306f8668cda6e2e2e9c95e01216d2b8ffd9ff037d0/typing_extensions-4.12.2-py3-none-any.whl", hash = "sha256:04e5ca0351e0f3f85c6853954072df659d0d13fac324d0072316b67d7794700d", size = 37438, upload-time = "2024-06-07T18:52:13.582Z" },
]

[[package]]
name = "tzdata"
version = "2025.2"
source = { registry = "https://pypi.org/simple" }
sdist = { url = "https://files.pythonhosted.org/packages/95/32/1a225d6164441be760d75c2c42e2780dc0873fe382da3e98a2e1e48361e5/tzdata-2025.2.tar.gz", hash = "sha256:b60a638fcc0daffadf82fe0f57e53d06bdec2f36c4df66280ae79bce6bd6f2b9", size = 196380, upload-time = "2025-03-23T13:54:43.652Z" }
wheels = [
    { url = "https://files.pythonhosted.org/packages/5c/23/c7abc0ca0a1526a0774eca151daeb8de62ec457e77262b66b359c3c7679e/tzdata-2025.2-py2.py3-none-any.whl", hash = "sha256:1a403fada01ff9221ca8044d701868fa132215d84beb92242d9acd2147f667a8", size = 347839, upload-time = "2025-03-23T13:54:41.845Z" },
]

[[package]]
name = "zipp"
version = "3.13.0"
source = { registry = "https://pypi.org/simple" }
sdist = { url = "https://files.pythonhosted.org/packages/d1/2f/ba544a8a6ad5ad9dcec1b00f536bb9fb078f5f50d1a1408876de18a9151b/zipp-3.13.0.tar.gz", hash = "sha256:23f70e964bc11a34cef175bc90ba2914e1e4545ea1e3e2f67c079671883f9cb6", size = 18725, upload-time = "2023-02-09T17:04:06.617Z" }
wheels = [
    { url = "https://files.pythonhosted.org/packages/95/7b/1608a7344743f54a8c072d64d2a279934fd204d6d015278b0a0ed4ce104b/zipp-3.13.0-py3-none-any.whl", hash = "sha256:e8b2a36ea17df80ffe9e2c4fda3f693c3dad6df1697d3cd3af232db680950b0b", size = 6718, upload-time = "2023-02-09T17:04:05.249Z" },
]
